version = 1
revision = 1
requires-python = ">=3.10"

[[package]]
name = "dearpygui"
version = "2.0.0"
source = { registry = "https://pypi.org/simple" }
wheels = [
    { url = "https://files.pythonhosted.org/packages/79/6d/c76d935a972593fc62532c684cb92844d990228e09e34e849392930456e5/dearpygui-2.0.0-cp310-cp310-macosx_10_6_x86_64.whl", hash = "sha256:6126eec4217de6dfbe0aef4b96a0f4b385f85dab538ee806d51c5f9a5ba77c6b", size = 2222991 },
    { url = "https://files.pythonhosted.org/packages/c4/87/55ec86076fe2d2706f523023da503429a07b76aac2c63133adff8d5c6812/dearpygui-2.0.0-cp310-cp310-macosx_13_0_arm64.whl", hash = "sha256:340ddc3884740aabcddf696f984c1ff2a06b91050bf5030ab264dc9908f1329a", size = 1873606 },
    { url = "https://files.pythonhosted.org/packages/ed/32/03b21f232abeeb88d40e3e8d53ba08c300f441ce2f6d076df09767ce3c38/dearpygui-2.0.0-cp310-cp310-manylinux1_x86_64.whl", hash = "sha256:68f749fcd36ffc9cef399fb64b0dab5a4075c63574150a163208f8204f778859", size = 2636754 },
    { url = "https://files.pythonhosted.org/packages/21/5d/0556472c7c40e53b0af2d5897239bd2c2e8a447a108fcf694c6006ca2b93/dearpygui-2.0.0-cp310-cp310-win_amd64.whl", hash = "sha256:d287233603338a811b59da0af8194ff7cd7b8da768c1d056fe17b6d8a7b36a6f", size = 1813983 },
    { url = "https://files.pythonhosted.org/packages/99/3a/36d33f51bbcd44c26c8a9888caf6f185f563dfceedd0d18118a4c2e13e1f/dearpygui-2.0.0-cp311-cp311-macosx_10_6_x86_64.whl", hash = "sha256:ee81dd58b06161b5098e11fce5514f621f1fe7670c63711a4397cb1bc108dfe5", size = 2222890 },
    { url = "https://files.pythonhosted.org/packages/58/39/a4bb4b6b73ba41da8957cc6ef8f4d9fb05a8ea207afaaf208872cbac12c4/dearpygui-2.0.0-cp311-cp311-macosx_13_0_arm64.whl", hash = "sha256:5802886d4c44362764882b9339a0dbe85f9b445a98560f791acb164febc4df32", size = 1873561 },
    { url = "https://files.pythonhosted.org/packages/19/03/8a0536d201fbe0f60aa4b024f6d6712f7ff45427b52f03999fbe904850a2/dearpygui-2.0.0-cp311-cp311-manylinux1_x86_64.whl", hash = "sha256:8d5049aa54835a51cc304752a0831ad71a6ca05ee7a33e0b82f7e7e8c8ecda21", size = 2636754 },
    { url = "https://files.pythonhosted.org/packages/57/cd/272fbac4c404aaac2ca219889b8dbc5be7d5f3d7836392a1c3d8d4707e68/dearpygui-2.0.0-cp311-cp311-win_amd64.whl", hash = "sha256:73643b3528dd4b03cb22ad64afe960dc8ddd3023f211fd405eabb861fc4dd129", size = 1813888 },
    { url = "https://files.pythonhosted.org/packages/00/dc/aac3b7e5789408096f34616f2c3b3c000332970a9eea0b3362239a1c35bd/dearpygui-2.0.0-cp312-cp312-macosx_10_6_x86_64.whl", hash = "sha256:f0383d74f628ae4622863afff84ab262c9f5163a769836eb470c7243dc9ced0c", size = 2223499 },
    { url = "https://files.pythonhosted.org/packages/e5/ca/fa3e58376f8c8486f38b7266c69566c1b965072eabc59b4da95b10a114e0/dearpygui-2.0.0-cp312-cp312-macosx_13_0_arm64.whl", hash = "sha256:52c32da6911881564b6cbd95e110d6956095f7a417d2e0c12dcda8274c4fbe72", size = 1873678 },
    { url = "https://files.pythonhosted.org/packages/6f/a1/427d18fbaa578890507bd8c864262a5f1f1eaa6e10ae2ea75ba9f0a5b5a3/dearpygui-2.0.0-cp312-cp312-manylinux1_x86_64.whl", hash = "sha256:d27f7e64a282c7f0c1387003ec3b247b2c3c1583aea9427283633ad508aa2da6", size = 2636459 },
    { url = "https://files.pythonhosted.org/packages/35/ad/dd978c8eb4df7c59756d5325d18d28e97b39d3bcd54275f075c1c3c34b17/dearpygui-2.0.0-cp312-cp312-win_amd64.whl", hash = "sha256:29881d01e5d0cce0980a8d8b9761c74ff2f30d16aa800e6002a244bbc894b34e", size = 1814293 },
    { url = "https://files.pythonhosted.org/packages/79/58/4e1744d2af72a3aa432fd82aeb97dcbc43351b17f837d879b4c4926bd16c/dearpygui-2.0.0-cp313-cp313-macosx_10_6_x86_64.whl", hash = "sha256:3bf0aa19baedb4f130b8de636d4644740ffd9b7008481794c574bf59240808dc", size = 2223494 },
    { url = "https://files.pythonhosted.org/packages/70/e0/09885f99df476d03e573183a755dc515cd88565cdbf036c385f0dda41dbb/dearpygui-2.0.0-cp313-cp313-macosx_13_0_arm64.whl", hash = "sha256:ae6fc9aa3390b29387c2bc2bf3ac7a92c10eae2b479818171864fc29a7de344e", size = 1873562 },
    { url = "https://files.pythonhosted.org/packages/d6/2b/0714feed9e072377d575cb8801ac13a909f7880ca51c9dd6f2d768bcd1ba/dearpygui-2.0.0-cp313-cp313-manylinux1_x86_64.whl", hash = "sha256:f02b0ab56700a775d7e6446e3c424d5bed3386efe721a04518d02461851daadf", size = 2636153 },
    { url = "https://files.pythonhosted.org/packages/55/9e/a957ffc21d12a1fb66d611f82871944565112b44afa0856bb15c6ece77d5/dearpygui-2.0.0-cp313-cp313-win_amd64.whl", hash = "sha256:e3d52057f49773b10808962806711c3b3119e829d36407afb84ad50522edc9b0", size = 1814308 },
]

[[package]]
name = "dpgmagictag"
version = "0.1.0"
source = { editable = "." }
dependencies = [
    { name = "dearpygui" },
]

[package.metadata]
requires-dist = [{ name = "dearpygui", specifier = ">=2.0.0" }]
